Microsoft Visual Studio Solution File, Format Version 12.00
# Visual Studio Version 17
VisualStudioVersion = 17.5.2.0
MinimumVisualStudioVersion = 10.0.40219.1
Project("{FAE04EC0-301F-11D3-BF4B-00C04F79EFBC}") = "cbbScoreboard", "backend\cbbScoreboard.csproj", "{BCC18128-0735-B0E9-AF19-286556791487}"
EndProject
Global
	GlobalSection(SolutionConfigurationPlatforms) = preSolution
		Debug|Any CPU = Debug|Any CPU
		Release|Any CPU = Release|Any CPU
	EndGlobalSection
	GlobalSection(ProjectConfigurationPlatforms) = postSolution
		{BCC18128-0735-B0E9-AF19-286556791487}.Debug|Any CPU.ActiveCfg = Debug|Any CPU
		{BCC18128-0735-B0E9-AF19-286556791487}.Debug|Any CPU.Build.0 = Debug|Any CPU
		{BCC18128-0735-B0E9-AF19-286556791487}.Release|Any CPU.ActiveCfg = Release|Any CPU
		{BCC18128-0735-B0E9-AF19-286556791487}.Release|Any CPU.Build.0 = Release|Any CPU
	EndGlobalSection
	GlobalSection(SolutionProperties) = preSolution
		HideSolutionNode = FALSE
	EndGlobalSection
	GlobalSection(ExtensibilityGlobals) = postSolution
		SolutionGuid = {EB7809AD-A8C3-4E21-93DD-1462D8536CF5}
	EndGlobalSection
EndGlobal
